{
  "originHash" : "59efb437d735e26fb51584d3c5771251d4a6de7fa168caccba224f5bfe9b2dcb",
  "pins" : [
    {
      "identity" : "capacitor-swift-pm",
      "kind" : "remoteSourceControl",
      "location" : "https://github.com/ionic-team/capacitor-swift-pm.git",
      "state" : {
        "revision" : "0b6882e9a3288342aacf36348e5a94e4f1dd7b13",
        "version" : "8.5.2"
      }
    },
    {
      "identity" : "onesignal-xcframework",
      "kind" : "remoteSourceControl",
      "location" : "https://github.com/OneSignal/OneSignal-XCFramework",
      "state" : {
        "revision" : "4eb482f03c1818af87d336e854121ad7dc9bf4cf",
        "version" : "5.6.2"
      }
    }
  ],
  "version" : 3
}
